
Microsoft Visual Studio Solution File, Format Version 12.00
# Visual Studio 15
VisualStudioVersion = 15.0.27703.2047
MinimumVisualStudioVersion = 10.0.40219.1
Project("{FAE04EC0-301F-11D3-BF4B-00C04F79EFBC}") = "Sales.Android", "Sales\Sales.Android\Sales.Android.csproj", "{1FA6A82C-F096-4092-A4F3-F96CD05CA400}"
EndProject
Project("{FAE04EC0-301F-11D3-BF4B-00C04F79EFBC}") = "Sales.iOS", "Sales\Sales.iOS\Sales.iOS.csproj", "{AF8B84BB-7351-49B6-87AC-C41180DDBDC8}"
EndProject
Project("{9A19103F-16F7-4668-BE54-9A1E7A4F7556}") = "Sales", "Sales\Sales\Sales.csproj", "{91E0DA17-C305-4296-9A22-6C77B7142A32}"
EndProject
Project("{FAE04EC0-301F-11D3-BF4B-00C04F79EFBC}") = "Sales.Backend", "Sales.Backend\Sales.Backend.csproj", "{38D761D1-510E-4B40-ADC6-3E12EE8668D3}"
EndProject
Project("{FAE04EC0-301F-11D3-BF4B-00C04F79EFBC}") = "Sales.API", "Sales.API\Sales.API.csproj", "{3F96C819-5C93-432C-B52B-1CD67A4C66E3}"
EndProject
Project("{FAE04EC0-301F-11D3-BF4B-00C04F79EFBC}") = "Sales.Domain", "Sales.Domain\Sales.Domain.csproj", "{A3C79880-12A1-4CAF-9FC9-463B4C407A41}"
EndProject
Project("{FAE04EC0-301F-11D3-BF4B-00C04F79EFBC}") = "Sales.Common", "Sales.Common\Sales.Common.csproj", "{3EBC319F-768A-4405-B9E9-6821E9984483}"
EndProject
Global
	GlobalSection(SolutionConfigurationPlatforms) = preSolution
		Ad-Hoc|Any CPU = Ad-Hoc|Any CPU
		Ad-Hoc|ARM = Ad-Hoc|ARM
		Ad-Hoc|iPhone = Ad-Hoc|iPhone
		Ad-Hoc|iPhoneSimulator = Ad-Hoc|iPhoneSimulator
		Ad-Hoc|x64 = Ad-Hoc|x64
		Ad-Hoc|x86 = Ad-Hoc|x86
		AppStore|Any CPU = AppStore|Any CPU
		AppStore|ARM = AppStore|ARM
		AppStore|iPhone = AppStore|iPhone
		AppStore|iPhoneSimulator = AppStore|iPhoneSimulator
		AppStore|x64 = AppStore|x64
		AppStore|x86 = AppStore|x86
		Debug|Any CPU = Debug|Any CPU
		Debug|ARM = Debug|ARM
		Debug|iPhone = Debug|iPhone
		Debug|iPhoneSimulator = Debug|iPhoneSimulator
		Debug|x64 = Debug|x64
		Debug|x86 = Debug|x86
		Release|Any CPU = Release|Any CPU
		Release|ARM = Release|ARM
		Release|iPhone = Release|iPhone
		Release|iPhoneSimulator = Release|iPhoneSimulator
		Release|x64 = Release|x64
		Release|x86 = Release|x86
	EndGlobalSection
	GlobalSection(ProjectConfigurationPlatforms) = postSolution
		{1FA6A82C-F096-4092-A4F3-F96CD05CA400}.Ad-Hoc|Any CPU.ActiveCfg = Release|Any CPU
		{1FA6A82C-F096-4092-A4F3-F96CD05CA400}.Ad-Hoc|Any CPU.Build.0 = Release|Any CPU
		{1FA6A82C-F096-4092-A4F3-F96CD05CA400}.Ad-Hoc|Any CPU.Deploy.0 = Release|Any CPU
		{1FA6A82C-F096-4092-A4F3-F96CD05CA400}.Ad-Hoc|ARM.ActiveCfg = Release|Any CPU
		{1FA6A82C-F096-4092-A4F3-F96CD05CA400}.Ad-Hoc|ARM.Build.0 = Release|Any CPU
		{1FA6A82C-F096-4092-A4F3-F96CD05CA400}.Ad-Hoc|ARM.Deploy.0 = Release|Any CPU
		{1FA6A82C-F096-4092-A4F3-F96CD05CA400}.Ad-Hoc|iPhone.ActiveCfg = Release|Any CPU
		{1FA6A82C-F096-4092-A4F3-F96CD05CA400}.Ad-Hoc|iPhone.Build.0 = Release|Any CPU
		{1FA6A82C-F096-4092-A4F3-F96CD05CA400}.Ad-Hoc|iPhone.Deploy.0 = Release|Any CPU
		{1FA6A82C-F096-4092-A4F3-F96CD05CA400}.Ad-Hoc|iPhoneSimulator.ActiveCfg = Release|Any CPU
		{1FA6A82C-F096-4092-A4F3-F96CD05CA400}.Ad-Hoc|iPhoneSimulator.Build.0 = Release|Any CPU
		{1FA6A82C-F096-4092-A4F3-F96CD05CA400}.Ad-Hoc|iPhoneSimulator.Deploy.0 = Release|Any CPU
		{1FA6A82C-F096-4092-A4F3-F96CD05CA400}.Ad-Hoc|x64.ActiveCfg = Release|Any CPU
		{1FA6A82C-F096-4092-A4F3-F96CD05CA400}.Ad-Hoc|x64.Build.0 = Release|Any CPU
		{1FA6A82C-F096-4092-A4F3-F96CD05CA400}.Ad-Hoc|x64.Deploy.0 = Release|Any CPU
		{1FA6A82C-F096-4092-A4F3-F96CD05CA400}.Ad-Hoc|x86.ActiveCfg = Release|Any CPU
		{1FA6A82C-F096-4092-A4F3-F96CD05CA400}.Ad-Hoc|x86.Build.0 = Release|Any CPU
		{1FA6A82C-F096-4092-A4F3-F96CD05CA400}.Ad-Hoc|x86.Deploy.0 = Release|Any CPU
		{1FA6A82C-F096-4092-A4F3-F96CD05CA400}.AppStore|Any CPU.ActiveCfg = Release|Any CPU
		{1FA6A82C-F096-4092-A4F3-F96CD05CA400}.AppStore|Any CPU.Build.0 = Release|Any CPU
		{1FA6A82C-F096-4092-A4F3-F96CD05CA400}.AppStore|Any CPU.Deploy.0 = Release|Any CPU
		{1FA6A82C-F096-4092-A4F3-F96CD05CA400}.AppStore|ARM.ActiveCfg = Release|Any CPU
		{1FA6A82C-F096-4092-A4F3-F96CD05CA400}.AppStore|ARM.Build.0 = Release|Any CPU
		{1FA6A82C-F096-4092-A4F3-F96CD05CA400}.AppStore|ARM.Deploy.0 = Release|Any CPU
		{1FA6A82C-F096-4092-A4F3-F96CD05CA400}.AppStore|iPhone.ActiveCfg = Release|Any CPU
		{1FA6A82C-F096-4092-A4F3-F96CD05CA400}.AppStore|iPhone.Build.0 = Release|Any CPU
		{1FA6A82C-F096-4092-A4F3-F96CD05CA400}.AppStore|iPhone.Deploy.0 = Release|Any CPU
		{1FA6A82C-F096-4092-A4F3-F96CD05CA400}.AppStore|iPhoneSimulator.ActiveCfg = Release|Any CPU
		{1FA6A82C-F096-4092-A4F3-F96CD05CA400}.AppStore|iPhoneSimulator.Build.0 = Release|Any CPU
		{1FA6A82C-F096-4092-A4F3-F96CD05CA400}.AppStore|iPhoneSimulator.Deploy.0 = Release|Any CPU
		{1FA6A82C-F096-4092-A4F3-F96CD05CA400}.AppStore|x64.ActiveCfg = Release|Any CPU
		{1FA6A82C-F096-4092-A4F3-F96CD05CA400}.AppStore|x64.Build.0 = Release|Any CPU
		{1FA6A82C-F096-4092-A4F3-F96CD05CA400}.AppStore|x64.Deploy.0 = Release|Any CPU
		{1FA6A82C-F096-4092-A4F3-F96CD05CA400}.AppStore|x86.ActiveCfg = Release|Any CPU
		{1FA6A82C-F096-4092-A4F3-F96CD05CA400}.AppStore|x86.Build.0 = Release|Any CPU
		{1FA6A82C-F096-4092-A4F3-F96CD05CA400}.AppStore|x86.Deploy.0 = Release|Any CPU
		{1FA6A82C-F096-4092-A4F3-F96CD05CA400}.Debug|Any CPU.ActiveCfg = Debug|Any CPU
		{1FA6A82C-F096-4092-A4F3-F96CD05CA400}.Debug|Any CPU.Build.0 = Debug|Any CPU
		{1FA6A82C-F096-4092-A4F3-F96CD05CA400}.Debug|Any CPU.Deploy.0 = Debug|Any CPU
		{1FA6A82C-F096-4092-A4F3-F96CD05CA400}.Debug|ARM.ActiveCfg = Debug|Any CPU
		{1FA6A82C-F096-4092-A4F3-F96CD05CA400}.Debug|ARM.Build.0 = Debug|Any CPU
		{1FA6A82C-F096-4092-A4F3-F96CD05CA400}.Debug|ARM.Deploy.0 = Debug|Any CPU
		{1FA6A82C-F096-4092-A4F3-F96CD05CA400}.Debug|iPhone.ActiveCfg = Debug|Any CPU
		{1FA6A82C-F096-4092-A4F3-F96CD05CA400}.Debug|iPhone.Build.0 = Debug|Any CPU
		{1FA6A82C-F096-4092-A4F3-F96CD05CA400}.Debug|iPhone.Deploy.0 = Debug|Any CPU
		{1FA6A82C-F096-4092-A4F3-F96CD05CA400}.Debug|iPhoneSimulator.ActiveCfg = Debug|Any CPU
		{1FA6A82C-F096-4092-A4F3-F96CD05CA400}.Debug|iPhoneSimulator.Build.0 = Debug|Any CPU
		{1FA6A82C-F096-4092-A4F3-F96CD05CA400}.Debug|iPhoneSimulator.Deploy.0 = Debug|Any CPU
		{1FA6A82C-F096-4092-A4F3-F96CD05CA400}.Debug|x64.ActiveCfg = Debug|Any CPU
		{1FA6A82C-F096-4092-A4F3-F96CD05CA400}.Debug|x64.Build.0 = Debug|Any CPU
		{1FA6A82C-F096-4092-A4F3-F96CD05CA400}.Debug|x64.Deploy.0 = Debug|Any CPU
		{1FA6A82C-F096-4092-A4F3-F96CD05CA400}.Debug|x86.ActiveCfg = Debug|Any CPU
		{1FA6A82C-F096-4092-A4F3-F96CD05CA400}.Debug|x86.Build.0 = Debug|Any CPU
		{1FA6A82C-F096-4092-A4F3-F96CD05CA400}.Debug|x86.Deploy.0 = Debug|Any CPU
		{1FA6A82C-F096-4092-A4F3-F96CD05CA400}.Release|Any CPU.ActiveCfg = Release|Any CPU
		{1FA6A82C-F096-4092-A4F3-F96CD05CA400}.Release|Any CPU.Build.0 = Release|Any CPU
		{1FA6A82C-F096-4092-A4F3-F96CD05CA400}.Release|Any CPU.Deploy.0 = Release|Any CPU
		{1FA6A82C-F096-4092-A4F3-F96CD05CA400}.Release|ARM.ActiveCfg = Release|Any CPU
		{1FA6A82C-F096-4092-A4F3-F96CD05CA400}.Release|ARM.Build.0 = Release|Any CPU
		{1FA6A82C-F096-4092-A4F3-F96CD05CA400}.Release|ARM.Deploy.0 = Release|Any CPU
		{1FA6A82C-F096-4092-A4F3-F96CD05CA400}.Release|iPhone.ActiveCfg = Release|Any CPU
		{1FA6A82C-F096-4092-A4F3-F96CD05CA400}.Release|iPhone.Build.0 = Release|Any CPU
		{1FA6A82C-F096-4092-A4F3-F96CD05CA400}.Release|iPhone.Deploy.0 = Release|Any CPU
		{1FA6A82C-F096-4092-A4F3-F96CD05CA400}.Release|iPhoneSimulator.ActiveCfg = Release|Any CPU
		{1FA6A82C-F096-4092-A4F3-F96CD05CA400}.Release|iPhoneSimulator.Build.0 = Release|Any CPU
		{1FA6A82C-F096-4092-A4F3-F96CD05CA400}.Release|iPhoneSimulator.Deploy.0 = Release|Any CPU
		{1FA6A82C-F096-4092-A4F3-F96CD05CA400}.Release|x64.ActiveCfg = Release|Any CPU
		{1FA6A82C-F096-4092-A4F3-F96CD05CA400}.Release|x64.Build.0 = Release|Any CPU
		{1FA6A82C-F096-4092-A4F3-F96CD05CA400}.Release|x64.Deploy.0 = Release|Any CPU
		{1FA6A82C-F096-4092-A4F3-F96CD05CA400}.Release|x86.ActiveCfg = Release|Any CPU
		{1FA6A82C-F096-4092-A4F3-F96CD05CA400}.Release|x86.Build.0 = Release|Any CPU
		{1FA6A82C-F096-4092-A4F3-F96CD05CA400}.Release|x86.Deploy.0 = Release|Any CPU
		{AF8B84BB-7351-49B6-87AC-C41180DDBDC8}.Ad-Hoc|Any CPU.ActiveCfg = Ad-Hoc|iPhone
		{AF8B84BB-7351-49B6-87AC-C41180DDBDC8}.Ad-Hoc|Any CPU.Build.0 = Ad-Hoc|iPhone
		{AF8B84BB-7351-49B6-87AC-C41180DDBDC8}.Ad-Hoc|Any CPU.Deploy.0 = Ad-Hoc|iPhone
		{AF8B84BB-7351-49B6-87AC-C41180DDBDC8}.Ad-Hoc|ARM.ActiveCfg = Ad-Hoc|iPhone
		{AF8B84BB-7351-49B6-87AC-C41180DDBDC8}.Ad-Hoc|ARM.Build.0 = Ad-Hoc|iPhone
		{AF8B84BB-7351-49B6-87AC-C41180DDBDC8}.Ad-Hoc|ARM.Deploy.0 = Ad-Hoc|iPhone
		{AF8B84BB-7351-49B6-87AC-C41180DDBDC8}.Ad-Hoc|iPhone.ActiveCfg = Ad-Hoc|iPhone
		{AF8B84BB-7351-49B6-87AC-C41180DDBDC8}.Ad-Hoc|iPhone.Build.0 = Ad-Hoc|iPhone
		{AF8B84BB-7351-49B6-87AC-C41180DDBDC8}.Ad-Hoc|iPhone.Deploy.0 = Ad-Hoc|iPhone
		{AF8B84BB-7351-49B6-87AC-C41180DDBDC8}.Ad-Hoc|iPhoneSimulator.ActiveCfg = Ad-Hoc|iPhoneSimulator
		{AF8B84BB-7351-49B6-87AC-C41180DDBDC8}.Ad-Hoc|iPhoneSimulator.Build.0 = Ad-Hoc|iPhoneSimulator
		{AF8B84BB-7351-49B6-87AC-C41180DDBDC8}.Ad-Hoc|iPhoneSimulator.Deploy.0 = Ad-Hoc|iPhoneSimulator
		{AF8B84BB-7351-49B6-87AC-C41180DDBDC8}.Ad-Hoc|x64.ActiveCfg = Ad-Hoc|iPhone
		{AF8B84BB-7351-49B6-87AC-C41180DDBDC8}.Ad-Hoc|x64.Build.0 = Ad-Hoc|iPhone
		{AF8B84BB-7351-49B6-87AC-C41180DDBDC8}.Ad-Hoc|x64.Deploy.0 = Ad-Hoc|iPhone
		{AF8B84BB-7351-49B6-87AC-C41180DDBDC8}.Ad-Hoc|x86.ActiveCfg = Ad-Hoc|iPhone
		{AF8B84BB-7351-49B6-87AC-C41180DDBDC8}.Ad-Hoc|x86.Build.0 = Ad-Hoc|iPhone
		{AF8B84BB-7351-49B6-87AC-C41180DDBDC8}.Ad-Hoc|x86.Deploy.0 = Ad-Hoc|iPhone
		{AF8B84BB-7351-49B6-87AC-C41180DDBDC8}.AppStore|Any CPU.ActiveCfg = AppStore|iPhone
		{AF8B84BB-7351-49B6-87AC-C41180DDBDC8}.AppStore|Any CPU.Build.0 = AppStore|iPhone
		{AF8B84BB-7351-49B6-87AC-C41180DDBDC8}.AppStore|Any CPU.Deploy.0 = AppStore|iPhone
		{AF8B84BB-7351-49B6-87AC-C41180DDBDC8}.AppStore|ARM.ActiveCfg = AppStore|iPhone
		{AF8B84BB-7351-49B6-87AC-C41180DDBDC8}.AppStore|ARM.Build.0 = AppStore|iPhone
		{AF8B84BB-7351-49B6-87AC-C41180DDBDC8}.AppStore|ARM.Deploy.0 = AppStore|iPhone
		{AF8B84BB-7351-49B6-87AC-C41180DDBDC8}.AppStore|iPhone.ActiveCfg = AppStore|iPhone
		{AF8B84BB-7351-49B6-87AC-C41180DDBDC8}.AppStore|iPhone.Build.0 = AppStore|iPhone
		{AF8B84BB-7351-49B6-87AC-C41180DDBDC8}.AppStore|iPhone.Deploy.0 = AppStore|iPhone
		{AF8B84BB-7351-49B6-87AC-C41180DDBDC8}.AppStore|iPhoneSimulator.ActiveCfg = AppStore|iPhoneSimulator
		{AF8B84BB-7351-49B6-87AC-C41180DDBDC8}.AppStore|iPhoneSimulator.Build.0 = AppStore|iPhoneSimulator
		{AF8B84BB-7351-49B6-87AC-C41180DDBDC8}.AppStore|iPhoneSimulator.Deploy.0 = AppStore|iPhoneSimulator
		{AF8B84BB-7351-49B6-87AC-C41180DDBDC8}.AppStore|x64.ActiveCfg = AppStore|iPhone
		{AF8B84BB-7351-49B6-87AC-C41180DDBDC8}.AppStore|x64.Build.0 = AppStore|iPhone
		{AF8B84BB-7351-49B6-87AC-C41180DDBDC8}.AppStore|x64.Deploy.0 = AppStore|iPhone
		{AF8B84BB-7351-49B6-87AC-C41180DDBDC8}.AppStore|x86.ActiveCfg = AppStore|iPhone
		{AF8B84BB-7351-49B6-87AC-C41180DDBDC8}.AppStore|x86.Build.0 = AppStore|iPhone
		{AF8B84BB-7351-49B6-87AC-C41180DDBDC8}.AppStore|x86.Deploy.0 = AppStore|iPhone
		{AF8B84BB-7351-49B6-87AC-C41180DDBDC8}.Debug|Any CPU.ActiveCfg = Debug|iPhoneSimulator
		{AF8B84BB-7351-49B6-87AC-C41180DDBDC8}.Debug|Any CPU.Build.0 = Debug|iPhoneSimulator
		{AF8B84BB-7351-49B6-87AC-C41180DDBDC8}.Debug|Any CPU.Deploy.0 = Debug|iPhoneSimulator
		{AF8B84BB-7351-49B6-87AC-C41180DDBDC8}.Debug|ARM.ActiveCfg = Debug|iPhone
		{AF8B84BB-7351-49B6-87AC-C41180DDBDC8}.Debug|ARM.Build.0 = Debug|iPhone
		{AF8B84BB-7351-49B6-87AC-C41180DDBDC8}.Debug|ARM.Deploy.0 = Debug|iPhone
		{AF8B84BB-7351-49B6-87AC-C41180DDBDC8}.Debug|iPhone.ActiveCfg = Debug|iPhone
		{AF8B84BB-7351-49B6-87AC-C41180DDBDC8}.Debug|iPhone.Build.0 = Debug|iPhone
		{AF8B84BB-7351-49B6-87AC-C41180DDBDC8}.Debug|iPhone.Deploy.0 = Debug|iPhone
		{AF8B84BB-7351-49B6-87AC-C41180DDBDC8}.Debug|iPhoneSimulator.ActiveCfg = Debug|iPhoneSimulator
		{AF8B84BB-7351-49B6-87AC-C41180DDBDC8}.Debug|iPhoneSimulator.Build.0 = Debug|iPhoneSimulator
		{AF8B84BB-7351-49B6-87AC-C41180DDBDC8}.Debug|iPhoneSimulator.Deploy.0 = Debug|iPhoneSimulator
		{AF8B84BB-7351-49B6-87AC-C41180DDBDC8}.Debug|x64.ActiveCfg = Debug|iPhone
		{AF8B84BB-7351-49B6-87AC-C41180DDBDC8}.Debug|x64.Build.0 = Debug|iPhone
		{AF8B84BB-7351-49B6-87AC-C41180DDBDC8}.Debug|x64.Deploy.0 = Debug|iPhone
		{AF8B84BB-7351-49B6-87AC-C41180DDBDC8}.Debug|x86.ActiveCfg = Debug|iPhone
		{AF8B84BB-7351-49B6-87AC-C41180DDBDC8}.Debug|x86.Build.0 = Debug|iPhone
		{AF8B84BB-7351-49B6-87AC-C41180DDBDC8}.Debug|x86.Deploy.0 = Debug|iPhone
		{AF8B84BB-7351-49B6-87AC-C41180DDBDC8}.Release|Any CPU.ActiveCfg = Release|iPhone
		{AF8B84BB-7351-49B6-87AC-C41180DDBDC8}.Release|Any CPU.Build.0 = Release|iPhone
		{AF8B84BB-7351-49B6-87AC-C41180DDBDC8}.Release|Any CPU.Deploy.0 = Release|iPhone
		{AF8B84BB-7351-49B6-87AC-C41180DDBDC8}.Release|ARM.ActiveCfg = Release|iPhone
		{AF8B84BB-7351-49B6-87AC-C41180DDBDC8}.Release|ARM.Build.0 = Release|iPhone
		{AF8B84BB-7351-49B6-87AC-C41180DDBDC8}.Release|ARM.Deploy.0 = Release|iPhone
		{AF8B84BB-7351-49B6-87AC-C41180DDBDC8}.Release|iPhone.ActiveCfg = Release|iPhone
		{AF8B84BB-7351-49B6-87AC-C41180DDBDC8}.Release|iPhone.Build.0 = Release|iPhone
		{AF8B84BB-7351-49B6-87AC-C41180DDBDC8}.Release|iPhone.Deploy.0 = Release|iPhone
		{AF8B84BB-7351-49B6-87AC-C41180DDBDC8}.Release|iPhoneSimulator.ActiveCfg = Release|iPhoneSimulator
		{AF8B84BB-7351-49B6-87AC-C41180DDBDC8}.Release|iPhoneSimulator.Build.0 = Release|iPhoneSimulator
		{AF8B84BB-7351-49B6-87AC-C41180DDBDC8}.Release|iPhoneSimulator.Deploy.0 = Release|iPhoneSimulator
		{AF8B84BB-7351-49B6-87AC-C41180DDBDC8}.Release|x64.ActiveCfg = Release|iPhone
		{AF8B84BB-7351-49B6-87AC-C41180DDBDC8}.Release|x64.Build.0 = Release|iPhone
		{AF8B84BB-7351-49B6-87AC-C41180DDBDC8}.Release|x64.Deploy.0 = Release|iPhone
		{AF8B84BB-7351-49B6-87AC-C41180DDBDC8}.Release|x86.ActiveCfg = Release|iPhone
		{AF8B84BB-7351-49B6-87AC-C41180DDBDC8}.Release|x86.Build.0 = Release|iPhone
		{AF8B84BB-7351-49B6-87AC-C41180DDBDC8}.Release|x86.Deploy.0 = Release|iPhone
		{91E0DA17-C305-4296-9A22-6C77B7142A32}.Ad-Hoc|Any CPU.ActiveCfg = Debug|Any CPU
		{91E0DA17-C305-4296-9A22-6C77B7142A32}.Ad-Hoc|Any CPU.Build.0 = Debug|Any CPU
		{91E0DA17-C305-4296-9A22-6C77B7142A32}.Ad-Hoc|Any CPU.Deploy.0 = Debug|Any CPU
		{91E0DA17-C305-4296-9A22-6C77B7142A32}.Ad-Hoc|ARM.ActiveCfg = Debug|Any CPU
		{91E0DA17-C305-4296-9A22-6C77B7142A32}.Ad-Hoc|ARM.Build.0 = Debug|Any CPU
		{91E0DA17-C305-4296-9A22-6C77B7142A32}.Ad-Hoc|ARM.Deploy.0 = Debug|Any CPU
		{91E0DA17-C305-4296-9A22-6C77B7142A32}.Ad-Hoc|iPhone.ActiveCfg = Debug|Any CPU
		{91E0DA17-C305-4296-9A22-6C77B7142A32}.Ad-Hoc|iPhone.Build.0 = Debug|Any CPU
		{91E0DA17-C305-4296-9A22-6C77B7142A32}.Ad-Hoc|iPhone.Deploy.0 = Debug|Any CPU
		{91E0DA17-C305-4296-9A22-6C77B7142A32}.Ad-Hoc|iPhoneSimulator.ActiveCfg = Debug|Any CPU
		{91E0DA17-C305-4296-9A22-6C77B7142A32}.Ad-Hoc|iPhoneSimulator.Build.0 = Debug|Any CPU
		{91E0DA17-C305-4296-9A22-6C77B7142A32}.Ad-Hoc|iPhoneSimulator.Deploy.0 = Debug|Any CPU
		{91E0DA17-C305-4296-9A22-6C77B7142A32}.Ad-Hoc|x64.ActiveCfg = Debug|Any CPU
		{91E0DA17-C305-4296-9A22-6C77B7142A32}.Ad-Hoc|x64.Build.0 = Debug|Any CPU
		{91E0DA17-C305-4296-9A22-6C77B7142A32}.Ad-Hoc|x64.Deploy.0 = Debug|Any CPU
		{91E0DA17-C305-4296-9A22-6C77B7142A32}.Ad-Hoc|x86.ActiveCfg = Debug|Any CPU
		{91E0DA17-C305-4296-9A22-6C77B7142A32}.Ad-Hoc|x86.Build.0 = Debug|Any CPU
		{91E0DA17-C305-4296-9A22-6C77B7142A32}.Ad-Hoc|x86.Deploy.0 = Debug|Any CPU
		{91E0DA17-C305-4296-9A22-6C77B7142A32}.AppStore|Any CPU.ActiveCfg = Debug|Any CPU
		{91E0DA17-C305-4296-9A22-6C77B7142A32}.AppStore|Any CPU.Build.0 = Debug|Any CPU
		{91E0DA17-C305-4296-9A22-6C77B7142A32}.AppStore|Any CPU.Deploy.0 = Debug|Any CPU
		{91E0DA17-C305-4296-9A22-6C77B7142A32}.AppStore|ARM.ActiveCfg = Debug|Any CPU
		{91E0DA17-C305-4296-9A22-6C77B7142A32}.AppStore|ARM.Build.0 = Debug|Any CPU
		{91E0DA17-C305-4296-9A22-6C77B7142A32}.AppStore|ARM.Deploy.0 = Debug|Any CPU
		{91E0DA17-C305-4296-9A22-6C77B7142A32}.AppStore|iPhone.ActiveCfg = Debug|Any CPU
		{91E0DA17-C305-4296-9A22-6C77B7142A32}.AppStore|iPhone.Build.0 = Debug|Any CPU
		{91E0DA17-C305-4296-9A22-6C77B7142A32}.AppStore|iPhone.Deploy.0 = Debug|Any CPU
		{91E0DA17-C305-4296-9A22-6C77B7142A32}.AppStore|iPhoneSimulator.ActiveCfg = Debug|Any CPU
		{91E0DA17-C305-4296-9A22-6C77B7142A32}.AppStore|iPhoneSimulator.Build.0 = Debug|Any CPU
		{91E0DA17-C305-4296-9A22-6C77B7142A32}.AppStore|iPhoneSimulator.Deploy.0 = Debug|Any CPU
		{91E0DA17-C305-4296-9A22-6C77B7142A32}.AppStore|x64.ActiveCfg = Debug|Any CPU
		{91E0DA17-C305-4296-9A22-6C77B7142A32}.AppStore|x64.Build.0 = Debug|Any CPU
		{91E0DA17-C305-4296-9A22-6C77B7142A32}.AppStore|x64.Deploy.0 = Debug|Any CPU
		{91E0DA17-C305-4296-9A22-6C77B7142A32}.AppStore|x86.ActiveCfg = Debug|Any CPU
		{91E0DA17-C305-4296-9A22-6C77B7142A32}.AppStore|x86.Build.0 = Debug|Any CPU
		{91E0DA17-C305-4296-9A22-6C77B7142A32}.AppStore|x86.Deploy.0 = Debug|Any CPU
		{91E0DA17-C305-4296-9A22-6C77B7142A32}.Debug|Any CPU.ActiveCfg = Debug|Any CPU
		{91E0DA17-C305-4296-9A22-6C77B7142A32}.Debug|Any CPU.Build.0 = Debug|Any CPU
		{91E0DA17-C305-4296-9A22-6C77B7142A32}.Debug|Any CPU.Deploy.0 = Debug|Any CPU
		{91E0DA17-C305-4296-9A22-6C77B7142A32}.Debug|ARM.ActiveCfg = Debug|Any CPU
		{91E0DA17-C305-4296-9A22-6C77B7142A32}.Debug|ARM.Build.0 = Debug|Any CPU
		{91E0DA17-C305-4296-9A22-6C77B7142A32}.Debug|ARM.Deploy.0 = Debug|Any CPU
		{91E0DA17-C305-4296-9A22-6C77B7142A32}.Debug|iPhone.ActiveCfg = Debug|Any CPU
		{91E0DA17-C305-4296-9A22-6C77B7142A32}.Debug|iPhone.Build.0 = Debug|Any CPU
		{91E0DA17-C305-4296-9A22-6C77B7142A32}.Debug|iPhone.Deploy.0 = Debug|Any CPU
		{91E0DA17-C305-4296-9A22-6C77B7142A32}.Debug|iPhoneSimulator.ActiveCfg = Debug|Any CPU
		{91E0DA17-C305-4296-9A22-6C77B7142A32}.Debug|iPhoneSimulator.Build.0 = Debug|Any CPU
		{91E0DA17-C305-4296-9A22-6C77B7142A32}.Debug|iPhoneSimulator.Deploy.0 = Debug|Any CPU
		{91E0DA17-C305-4296-9A22-6C77B7142A32}.Debug|x64.ActiveCfg = Debug|Any CPU
		{91E0DA17-C305-4296-9A22-6C77B7142A32}.Debug|x64.Build.0 = Debug|Any CPU
		{91E0DA17-C305-4296-9A22-6C77B7142A32}.Debug|x64.Deploy.0 = Debug|Any CPU
		{91E0DA17-C305-4296-9A22-6C77B7142A32}.Debug|x86.ActiveCfg = Debug|Any CPU
		{91E0DA17-C305-4296-9A22-6C77B7142A32}.Debug|x86.Build.0 = Debug|Any CPU
		{91E0DA17-C305-4296-9A22-6C77B7142A32}.Debug|x86.Deploy.0 = Debug|Any CPU
		{91E0DA17-C305-4296-9A22-6C77B7142A32}.Release|Any CPU.ActiveCfg = Release|Any CPU
		{91E0DA17-C305-4296-9A22-6C77B7142A32}.Release|Any CPU.Build.0 = Release|Any CPU
		{91E0DA17-C305-4296-9A22-6C77B7142A32}.Release|Any CPU.Deploy.0 = Release|Any CPU
		{91E0DA17-C305-4296-9A22-6C77B7142A32}.Release|ARM.ActiveCfg = Release|Any CPU
		{91E0DA17-C305-4296-9A22-6C77B7142A32}.Release|ARM.Build.0 = Release|Any CPU
		{91E0DA17-C305-4296-9A22-6C77B7142A32}.Release|ARM.Deploy.0 = Release|Any CPU
		{91E0DA17-C305-4296-9A22-6C77B7142A32}.Release|iPhone.ActiveCfg = Release|Any CPU
		{91E0DA17-C305-4296-9A22-6C77B7142A32}.Release|iPhone.Build.0 = Release|Any CPU
		{91E0DA17-C305-4296-9A22-6C77B7142A32}.Release|iPhone.Deploy.0 = Release|Any CPU
		{91E0DA17-C305-4296-9A22-6C77B7142A32}.Release|iPhoneSimulator.ActiveCfg = Release|Any CPU
		{91E0DA17-C305-4296-9A22-6C77B7142A32}.Release|iPhoneSimulator.Build.0 = Release|Any CPU
		{91E0DA17-C305-4296-9A22-6C77B7142A32}.Release|iPhoneSimulator.Deploy.0 = Release|Any CPU
		{91E0DA17-C305-4296-9A22-6C77B7142A32}.Release|x64.ActiveCfg = Release|Any CPU
		{91E0DA17-C305-4296-9A22-6C77B7142A32}.Release|x64.Build.0 = Release|Any CPU
		{91E0DA17-C305-4296-9A22-6C77B7142A32}.Release|x64.Deploy.0 = Release|Any CPU
		{91E0DA17-C305-4296-9A22-6C77B7142A32}.Release|x86.ActiveCfg = Release|Any CPU
		{91E0DA17-C305-4296-9A22-6C77B7142A32}.Release|x86.Build.0 = Release|Any CPU
		{91E0DA17-C305-4296-9A22-6C77B7142A32}.Release|x86.Deploy.0 = Release|Any CPU
		{38D761D1-510E-4B40-ADC6-3E12EE8668D3}.Ad-Hoc|Any CPU.ActiveCfg = Release|Any CPU
		{38D761D1-510E-4B40-ADC6-3E12EE8668D3}.Ad-Hoc|Any CPU.Build.0 = Release|Any CPU
		{38D761D1-510E-4B40-ADC6-3E12EE8668D3}.Ad-Hoc|ARM.ActiveCfg = Release|Any CPU
		{38D761D1-510E-4B40-ADC6-3E12EE8668D3}.Ad-Hoc|ARM.Build.0 = Release|Any CPU
		{38D761D1-510E-4B40-ADC6-3E12EE8668D3}.Ad-Hoc|iPhone.ActiveCfg = Release|Any CPU
		{38D761D1-510E-4B40-ADC6-3E12EE8668D3}.Ad-Hoc|iPhone.Build.0 = Release|Any CPU
		{38D761D1-510E-4B40-ADC6-3E12EE8668D3}.Ad-Hoc|iPhoneSimulator.ActiveCfg = Release|Any CPU
		{38D761D1-510E-4B40-ADC6-3E12EE8668D3}.Ad-Hoc|iPhoneSimulator.Build.0 = Release|Any CPU
		{38D761D1-510E-4B40-ADC6-3E12EE8668D3}.Ad-Hoc|x64.ActiveCfg = Release|Any CPU
		{38D761D1-510E-4B40-ADC6-3E12EE8668D3}.Ad-Hoc|x64.Build.0 = Release|Any CPU
		{38D761D1-510E-4B40-ADC6-3E12EE8668D3}.Ad-Hoc|x86.ActiveCfg = Release|Any CPU
		{38D761D1-510E-4B40-ADC6-3E12EE8668D3}.Ad-Hoc|x86.Build.0 = Release|Any CPU
		{38D761D1-510E-4B40-ADC6-3E12EE8668D3}.AppStore|Any CPU.ActiveCfg = Release|Any CPU
		{38D761D1-510E-4B40-ADC6-3E12EE8668D3}.AppStore|Any CPU.Build.0 = Release|Any CPU
		{38D761D1-510E-4B40-ADC6-3E12EE8668D3}.AppStore|ARM.ActiveCfg = Release|Any CPU
		{38D761D1-510E-4B40-ADC6-3E12EE8668D3}.AppStore|ARM.Build.0 = Release|Any CPU
		{38D761D1-510E-4B40-ADC6-3E12EE8668D3}.AppStore|iPhone.ActiveCfg = Release|Any CPU
		{38D761D1-510E-4B40-ADC6-3E12EE8668D3}.AppStore|iPhone.Build.0 = Release|Any CPU
		{38D761D1-510E-4B40-ADC6-3E12EE8668D3}.AppStore|iPhoneSimulator.ActiveCfg = Release|Any CPU
		{38D761D1-510E-4B40-ADC6-3E12EE8668D3}.AppStore|iPhoneSimulator.Build.0 = Release|Any CPU
		{38D761D1-510E-4B40-ADC6-3E12EE8668D3}.AppStore|x64.ActiveCfg = Release|Any CPU
		{38D761D1-510E-4B40-ADC6-3E12EE8668D3}.AppStore|x64.Build.0 = Release|Any CPU
		{38D761D1-510E-4B40-ADC6-3E12EE8668D3}.AppStore|x86.ActiveCfg = Release|Any CPU
		{38D761D1-510E-4B40-ADC6-3E12EE8668D3}.AppStore|x86.Build.0 = Release|Any CPU
		{38D761D1-510E-4B40-ADC6-3E12EE8668D3}.Debug|Any CPU.ActiveCfg = Debug|Any CPU
		{38D761D1-510E-4B40-ADC6-3E12EE8668D3}.Debug|Any CPU.Build.0 = Debug|Any CPU
		{38D761D1-510E-4B40-ADC6-3E12EE8668D3}.Debug|ARM.ActiveCfg = Debug|Any CPU
		{38D761D1-510E-4B40-ADC6-3E12EE8668D3}.Debug|ARM.Build.0 = Debug|Any CPU
		{38D761D1-510E-4B40-ADC6-3E12EE8668D3}.Debug|iPhone.ActiveCfg = Debug|Any CPU
		{38D761D1-510E-4B40-ADC6-3E12EE8668D3}.Debug|iPhone.Build.0 = Debug|Any CPU
		{38D761D1-510E-4B40-ADC6-3E12EE8668D3}.Debug|iPhoneSimulator.ActiveCfg = Debug|Any CPU
		{38D761D1-510E-4B40-ADC6-3E12EE8668D3}.Debug|iPhoneSimulator.Build.0 = Debug|Any CPU
		{38D761D1-510E-4B40-ADC6-3E12EE8668D3}.Debug|x64.ActiveCfg = Debug|Any CPU
		{38D761D1-510E-4B40-ADC6-3E12EE8668D3}.Debug|x64.Build.0 = Debug|Any CPU
		{38D761D1-510E-4B40-ADC6-3E12EE8668D3}.Debug|x86.ActiveCfg = Debug|Any CPU
		{38D761D1-510E-4B40-ADC6-3E12EE8668D3}.Debug|x86.Build.0 = Debug|Any CPU
		{38D761D1-510E-4B40-ADC6-3E12EE8668D3}.Release|Any CPU.ActiveCfg = Release|Any CPU
		{38D761D1-510E-4B40-ADC6-3E12EE8668D3}.Release|Any CPU.Build.0 = Release|Any CPU
		{38D761D1-510E-4B40-ADC6-3E12EE8668D3}.Release|ARM.ActiveCfg = Release|Any CPU
		{38D761D1-510E-4B40-ADC6-3E12EE8668D3}.Release|ARM.Build.0 = Release|Any CPU
		{38D761D1-510E-4B40-ADC6-3E12EE8668D3}.Release|iPhone.ActiveCfg = Release|Any CPU
		{38D761D1-510E-4B40-ADC6-3E12EE8668D3}.Release|iPhone.Build.0 = Release|Any CPU
		{38D761D1-510E-4B40-ADC6-3E12EE8668D3}.Release|iPhoneSimulator.ActiveCfg = Release|Any CPU
		{38D761D1-510E-4B40-ADC6-3E12EE8668D3}.Release|iPhoneSimulator.Build.0 = Release|Any CPU
		{38D761D1-510E-4B40-ADC6-3E12EE8668D3}.Release|x64.ActiveCfg = Release|Any CPU
		{38D761D1-510E-4B40-ADC6-3E12EE8668D3}.Release|x64.Build.0 = Release|Any CPU
		{38D761D1-510E-4B40-ADC6-3E12EE8668D3}.Release|x86.ActiveCfg = Release|Any CPU
		{38D761D1-510E-4B40-ADC6-3E12EE8668D3}.Release|x86.Build.0 = Release|Any CPU
		{3F96C819-5C93-432C-B52B-1CD67A4C66E3}.Ad-Hoc|Any CPU.ActiveCfg = Release|Any CPU
		{3F96C819-5C93-432C-B52B-1CD67A4C66E3}.Ad-Hoc|Any CPU.Build.0 = Release|Any CPU
		{3F96C819-5C93-432C-B52B-1CD67A4C66E3}.Ad-Hoc|ARM.ActiveCfg = Release|Any CPU
		{3F96C819-5C93-432C-B52B-1CD67A4C66E3}.Ad-Hoc|ARM.Build.0 = Release|Any CPU
		{3F96C819-5C93-432C-B52B-1CD67A4C66E3}.Ad-Hoc|iPhone.ActiveCfg = Release|Any CPU
		{3F96C819-5C93-432C-B52B-1CD67A4C66E3}.Ad-Hoc|iPhone.Build.0 = Release|Any CPU
		{3F96C819-5C93-432C-B52B-1CD67A4C66E3}.Ad-Hoc|iPhoneSimulator.ActiveCfg = Release|Any CPU
		{3F96C819-5C93-432C-B52B-1CD67A4C66E3}.Ad-Hoc|iPhoneSimulator.Build.0 = Release|Any CPU
		{3F96C819-5C93-432C-B52B-1CD67A4C66E3}.Ad-Hoc|x64.ActiveCfg = Release|Any CPU
		{3F96C819-5C93-432C-B52B-1CD67A4C66E3}.Ad-Hoc|x64.Build.0 = Release|Any CPU
		{3F96C819-5C93-432C-B52B-1CD67A4C66E3}.Ad-Hoc|x86.ActiveCfg = Release|Any CPU
		{3F96C819-5C93-432C-B52B-1CD67A4C66E3}.Ad-Hoc|x86.Build.0 = Release|Any CPU
		{3F96C819-5C93-432C-B52B-1CD67A4C66E3}.AppStore|Any CPU.ActiveCfg = Release|Any CPU
		{3F96C819-5C93-432C-B52B-1CD67A4C66E3}.AppStore|Any CPU.Build.0 = Release|Any CPU
		{3F96C819-5C93-432C-B52B-1CD67A4C66E3}.AppStore|ARM.ActiveCfg = Release|Any CPU
		{3F96C819-5C93-432C-B52B-1CD67A4C66E3}.AppStore|ARM.Build.0 = Release|Any CPU
		{3F96C819-5C93-432C-B52B-1CD67A4C66E3}.AppStore|iPhone.ActiveCfg = Release|Any CPU
		{3F96C819-5C93-432C-B52B-1CD67A4C66E3}.AppStore|iPhone.Build.0 = Release|Any CPU
		{3F96C819-5C93-432C-B52B-1CD67A4C66E3}.AppStore|iPhoneSimulator.ActiveCfg = Release|Any CPU
		{3F96C819-5C93-432C-B52B-1CD67A4C66E3}.AppStore|iPhoneSimulator.Build.0 = Release|Any CPU
		{3F96C819-5C93-432C-B52B-1CD67A4C66E3}.AppStore|x64.ActiveCfg = Release|Any CPU
		{3F96C819-5C93-432C-B52B-1CD67A4C66E3}.AppStore|x64.Build.0 = Release|Any CPU
		{3F96C819-5C93-432C-B52B-1CD67A4C66E3}.AppStore|x86.ActiveCfg = Release|Any CPU
		{3F96C819-5C93-432C-B52B-1CD67A4C66E3}.AppStore|x86.Build.0 = Release|Any CPU
		{3F96C819-5C93-432C-B52B-1CD67A4C66E3}.Debug|Any CPU.ActiveCfg = Debug|Any CPU
		{3F96C819-5C93-432C-B52B-1CD67A4C66E3}.Debug|Any CPU.Build.0 = Debug|Any CPU
		{3F96C819-5C93-432C-B52B-1CD67A4C66E3}.Debug|ARM.ActiveCfg = Debug|Any CPU
		{3F96C819-5C93-432C-B52B-1CD67A4C66E3}.Debug|ARM.Build.0 = Debug|Any CPU
		{3F96C819-5C93-432C-B52B-1CD67A4C66E3}.Debug|iPhone.ActiveCfg = Debug|Any CPU
		{3F96C819-5C93-432C-B52B-1CD67A4C66E3}.Debug|iPhone.Build.0 = Debug|Any CPU
		{3F96C819-5C93-432C-B52B-1CD67A4C66E3}.Debug|iPhoneSimulator.ActiveCfg = Debug|Any CPU
		{3F96C819-5C93-432C-B52B-1CD67A4C66E3}.Debug|iPhoneSimulator.Build.0 = Debug|Any CPU
		{3F96C819-5C93-432C-B52B-1CD67A4C66E3}.Debug|x64.ActiveCfg = Debug|Any CPU
		{3F96C819-5C93-432C-B52B-1CD67A4C66E3}.Debug|x64.Build.0 = Debug|Any CPU
		{3F96C819-5C93-432C-B52B-1CD67A4C66E3}.Debug|x86.ActiveCfg = Debug|Any CPU
		{3F96C819-5C93-432C-B52B-1CD67A4C66E3}.Debug|x86.Build.0 = Debug|Any CPU
		{3F96C819-5C93-432C-B52B-1CD67A4C66E3}.Release|Any CPU.ActiveCfg = Release|Any CPU
		{3F96C819-5C93-432C-B52B-1CD67A4C66E3}.Release|Any CPU.Build.0 = Release|Any CPU
		{3F96C819-5C93-432C-B52B-1CD67A4C66E3}.Release|ARM.ActiveCfg = Release|Any CPU
		{3F96C819-5C93-432C-B52B-1CD67A4C66E3}.Release|ARM.Build.0 = Release|Any CPU
		{3F96C819-5C93-432C-B52B-1CD67A4C66E3}.Release|iPhone.ActiveCfg = Release|Any CPU
		{3F96C819-5C93-432C-B52B-1CD67A4C66E3}.Release|iPhone.Build.0 = Release|Any CPU
		{3F96C819-5C93-432C-B52B-1CD67A4C66E3}.Release|iPhoneSimulator.ActiveCfg = Release|Any CPU
		{3F96C819-5C93-432C-B52B-1CD67A4C66E3}.Release|iPhoneSimulator.Build.0 = Release|Any CPU
		{3F96C819-5C93-432C-B52B-1CD67A4C66E3}.Release|x64.ActiveCfg = Release|Any CPU
		{3F96C819-5C93-432C-B52B-1CD67A4C66E3}.Release|x64.Build.0 = Release|Any CPU
		{3F96C819-5C93-432C-B52B-1CD67A4C66E3}.Release|x86.ActiveCfg = Release|Any CPU
		{3F96C819-5C93-432C-B52B-1CD67A4C66E3}.Release|x86.Build.0 = Release|Any CPU
		{A3C79880-12A1-4CAF-9FC9-463B4C407A41}.Ad-Hoc|Any CPU.ActiveCfg = Release|Any CPU
		{A3C79880-12A1-4CAF-9FC9-463B4C407A41}.Ad-Hoc|Any CPU.Build.0 = Release|Any CPU
		{A3C79880-12A1-4CAF-9FC9-463B4C407A41}.Ad-Hoc|ARM.ActiveCfg = Release|Any CPU
		{A3C79880-12A1-4CAF-9FC9-463B4C407A41}.Ad-Hoc|ARM.Build.0 = Release|Any CPU
		{A3C79880-12A1-4CAF-9FC9-463B4C407A41}.Ad-Hoc|iPhone.ActiveCfg = Release|Any CPU
		{A3C79880-12A1-4CAF-9FC9-463B4C407A41}.Ad-Hoc|iPhone.Build.0 = Release|Any CPU
		{A3C79880-12A1-4CAF-9FC9-463B4C407A41}.Ad-Hoc|iPhoneSimulator.ActiveCfg = Release|Any CPU
		{A3C79880-12A1-4CAF-9FC9-463B4C407A41}.Ad-Hoc|iPhoneSimulator.Build.0 = Release|Any CPU
		{A3C79880-12A1-4CAF-9FC9-463B4C407A41}.Ad-Hoc|x64.ActiveCfg = Release|Any CPU
		{A3C79880-12A1-4CAF-9FC9-463B4C407A41}.Ad-Hoc|x64.Build.0 = Release|Any CPU
		{A3C79880-12A1-4CAF-9FC9-463B4C407A41}.Ad-Hoc|x86.ActiveCfg = Release|Any CPU
		{A3C79880-12A1-4CAF-9FC9-463B4C407A41}.Ad-Hoc|x86.Build.0 = Release|Any CPU
		{A3C79880-12A1-4CAF-9FC9-463B4C407A41}.AppStore|Any CPU.ActiveCfg = Release|Any CPU
		{A3C79880-12A1-4CAF-9FC9-463B4C407A41}.AppStore|Any CPU.Build.0 = Release|Any CPU
		{A3C79880-12A1-4CAF-9FC9-463B4C407A41}.AppStore|ARM.ActiveCfg = Release|Any CPU
		{A3C79880-12A1-4CAF-9FC9-463B4C407A41}.AppStore|ARM.Build.0 = Release|Any CPU
		{A3C79880-12A1-4CAF-9FC9-463B4C407A41}.AppStore|iPhone.ActiveCfg = Release|Any CPU
		{A3C79880-12A1-4CAF-9FC9-463B4C407A41}.AppStore|iPhone.Build.0 = Release|Any CPU
		{A3C79880-12A1-4CAF-9FC9-463B4C407A41}.AppStore|iPhoneSimulator.ActiveCfg = Release|Any CPU
		{A3C79880-12A1-4CAF-9FC9-463B4C407A41}.AppStore|iPhoneSimulator.Build.0 = Release|Any CPU
		{A3C79880-12A1-4CAF-9FC9-463B4C407A41}.AppStore|x64.ActiveCfg = Release|Any CPU
		{A3C79880-12A1-4CAF-9FC9-463B4C407A41}.AppStore|x64.Build.0 = Release|Any CPU
		{A3C79880-12A1-4CAF-9FC9-463B4C407A41}.AppStore|x86.ActiveCfg = Release|Any CPU
		{A3C79880-12A1-4CAF-9FC9-463B4C407A41}.AppStore|x86.Build.0 = Release|Any CPU
		{A3C79880-12A1-4CAF-9FC9-463B4C407A41}.Debug|Any CPU.ActiveCfg = Debug|Any CPU
		{A3C79880-12A1-4CAF-9FC9-463B4C407A41}.Debug|Any CPU.Build.0 = Debug|Any CPU
		{A3C79880-12A1-4CAF-9FC9-463B4C407A41}.Debug|ARM.ActiveCfg = Debug|Any CPU
		{A3C79880-12A1-4CAF-9FC9-463B4C407A41}.Debug|ARM.Build.0 = Debug|Any CPU
		{A3C79880-12A1-4CAF-9FC9-463B4C407A41}.Debug|iPhone.ActiveCfg = Debug|Any CPU
		{A3C79880-12A1-4CAF-9FC9-463B4C407A41}.Debug|iPhone.Build.0 = Debug|Any CPU
		{A3C79880-12A1-4CAF-9FC9-463B4C407A41}.Debug|iPhoneSimulator.ActiveCfg = Debug|Any CPU
		{A3C79880-12A1-4CAF-9FC9-463B4C407A41}.Debug|iPhoneSimulator.Build.0 = Debug|Any CPU
		{A3C79880-12A1-4CAF-9FC9-463B4C407A41}.Debug|x64.ActiveCfg = Debug|Any CPU
		{A3C79880-12A1-4CAF-9FC9-463B4C407A41}.Debug|x64.Build.0 = Debug|Any CPU
		{A3C79880-12A1-4CAF-9FC9-463B4C407A41}.Debug|x86.ActiveCfg = Debug|Any CPU
		{A3C79880-12A1-4CAF-9FC9-463B4C407A41}.Debug|x86.Build.0 = Debug|Any CPU
		{A3C79880-12A1-4CAF-9FC9-463B4C407A41}.Release|Any CPU.ActiveCfg = Release|Any CPU
		{A3C79880-12A1-4CAF-9FC9-463B4C407A41}.Release|Any CPU.Build.0 = Release|Any CPU
		{A3C79880-12A1-4CAF-9FC9-463B4C407A41}.Release|ARM.ActiveCfg = Release|Any CPU
		{A3C79880-12A1-4CAF-9FC9-463B4C407A41}.Release|ARM.Build.0 = Release|Any CPU
		{A3C79880-12A1-4CAF-9FC9-463B4C407A41}.Release|iPhone.ActiveCfg = Release|Any CPU
		{A3C79880-12A1-4CAF-9FC9-463B4C407A41}.Release|iPhone.Build.0 = Release|Any CPU
		{A3C79880-12A1-4CAF-9FC9-463B4C407A41}.Release|iPhoneSimulator.ActiveCfg = Release|Any CPU
		{A3C79880-12A1-4CAF-9FC9-463B4C407A41}.Release|iPhoneSimulator.Build.0 = Release|Any CPU
		{A3C79880-12A1-4CAF-9FC9-463B4C407A41}.Release|x64.ActiveCfg = Release|Any CPU
		{A3C79880-12A1-4CAF-9FC9-463B4C407A41}.Release|x64.Build.0 = Release|Any CPU
		{A3C79880-12A1-4CAF-9FC9-463B4C407A41}.Release|x86.ActiveCfg = Release|Any CPU
		{A3C79880-12A1-4CAF-9FC9-463B4C407A41}.Release|x86.Build.0 = Release|Any CPU
		{3EBC319F-768A-4405-B9E9-6821E9984483}.Ad-Hoc|Any CPU.ActiveCfg = Release|Any CPU
		{3EBC319F-768A-4405-B9E9-6821E9984483}.Ad-Hoc|Any CPU.Build.0 = Release|Any CPU
		{3EBC319F-768A-4405-B9E9-6821E9984483}.Ad-Hoc|ARM.ActiveCfg = Release|Any CPU
		{3EBC319F-768A-4405-B9E9-6821E9984483}.Ad-Hoc|ARM.Build.0 = Release|Any CPU
		{3EBC319F-768A-4405-B9E9-6821E9984483}.Ad-Hoc|iPhone.ActiveCfg = Release|Any CPU
		{3EBC319F-768A-4405-B9E9-6821E9984483}.Ad-Hoc|iPhone.Build.0 = Release|Any CPU
		{3EBC319F-768A-4405-B9E9-6821E9984483}.Ad-Hoc|iPhoneSimulator.ActiveCfg = Release|Any CPU
		{3EBC319F-768A-4405-B9E9-6821E9984483}.Ad-Hoc|iPhoneSimulator.Build.0 = Release|Any CPU
		{3EBC319F-768A-4405-B9E9-6821E9984483}.Ad-Hoc|x64.ActiveCfg = Release|Any CPU
		{3EBC319F-768A-4405-B9E9-6821E9984483}.Ad-Hoc|x64.Build.0 = Release|Any CPU
		{3EBC319F-768A-4405-B9E9-6821E9984483}.Ad-Hoc|x86.ActiveCfg = Release|Any CPU
		{3EBC319F-768A-4405-B9E9-6821E9984483}.Ad-Hoc|x86.Build.0 = Release|Any CPU
		{3EBC319F-768A-4405-B9E9-6821E9984483}.AppStore|Any CPU.ActiveCfg = Release|Any CPU
		{3EBC319F-768A-4405-B9E9-6821E9984483}.AppStore|Any CPU.Build.0 = Release|Any CPU
		{3EBC319F-768A-4405-B9E9-6821E9984483}.AppStore|ARM.ActiveCfg = Release|Any CPU
		{3EBC319F-768A-4405-B9E9-6821E9984483}.AppStore|ARM.Build.0 = Release|Any CPU
		{3EBC319F-768A-4405-B9E9-6821E9984483}.AppStore|iPhone.ActiveCfg = Release|Any CPU
		{3EBC319F-768A-4405-B9E9-6821E9984483}.AppStore|iPhone.Build.0 = Release|Any CPU
		{3EBC319F-768A-4405-B9E9-6821E9984483}.AppStore|iPhoneSimulator.ActiveCfg = Release|Any CPU
		{3EBC319F-768A-4405-B9E9-6821E9984483}.AppStore|iPhoneSimulator.Build.0 = Release|Any CPU
		{3EBC319F-768A-4405-B9E9-6821E9984483}.AppStore|x64.ActiveCfg = Release|Any CPU
		{3EBC319F-768A-4405-B9E9-6821E9984483}.AppStore|x64.Build.0 = Release|Any CPU
		{3EBC319F-768A-4405-B9E9-6821E9984483}.AppStore|x86.ActiveCfg = Release|Any CPU
		{3EBC319F-768A-4405-B9E9-6821E9984483}.AppStore|x86.Build.0 = Release|Any CPU
		{3EBC319F-768A-4405-B9E9-6821E9984483}.Debug|Any CPU.ActiveCfg = Debug|Any CPU
		{3EBC319F-768A-4405-B9E9-6821E9984483}.Debug|Any CPU.Build.0 = Debug|Any CPU
		{3EBC319F-768A-4405-B9E9-6821E9984483}.Debug|ARM.ActiveCfg = Debug|Any CPU
		{3EBC319F-768A-4405-B9E9-6821E9984483}.Debug|ARM.Build.0 = Debug|Any CPU
		{3EBC319F-768A-4405-B9E9-6821E9984483}.Debug|iPhone.ActiveCfg = Debug|Any CPU
		{3EBC319F-768A-4405-B9E9-6821E9984483}.Debug|iPhone.Build.0 = Debug|Any CPU
		{3EBC319F-768A-4405-B9E9-6821E9984483}.Debug|iPhoneSimulator.ActiveCfg = Debug|Any CPU
		{3EBC319F-768A-4405-B9E9-6821E9984483}.Debug|iPhoneSimulator.Build.0 = Debug|Any CPU
		{3EBC319F-768A-4405-B9E9-6821E9984483}.Debug|x64.ActiveCfg = Debug|Any CPU
		{3EBC319F-768A-4405-B9E9-6821E9984483}.Debug|x64.Build.0 = Debug|Any CPU
		{3EBC319F-768A-4405-B9E9-6821E9984483}.Debug|x86.ActiveCfg = Debug|Any CPU
		{3EBC319F-768A-4405-B9E9-6821E9984483}.Debug|x86.Build.0 = Debug|Any CPU
		{3EBC319F-768A-4405-B9E9-6821E9984483}.Release|Any CPU.ActiveCfg = Release|Any CPU
		{3EBC319F-768A-4405-B9E9-6821E9984483}.Release|Any CPU.Build.0 = Release|Any CPU
		{3EBC319F-768A-4405-B9E9-6821E9984483}.Release|ARM.ActiveCfg = Release|Any CPU
		{3EBC319F-768A-4405-B9E9-6821E9984483}.Release|ARM.Build.0 = Release|Any CPU
		{3EBC319F-768A-4405-B9E9-6821E9984483}.Release|iPhone.ActiveCfg = Release|Any CPU
		{3EBC319F-768A-4405-B9E9-6821E9984483}.Release|iPhone.Build.0 = Release|Any CPU
		{3EBC319F-768A-4405-B9E9-6821E9984483}.Release|iPhoneSimulator.ActiveCfg = Release|Any CPU
		{3EBC319F-768A-4405-B9E9-6821E9984483}.Release|iPhoneSimulator.Build.0 = Release|Any CPU
		{3EBC319F-768A-4405-B9E9-6821E9984483}.Release|x64.ActiveCfg = Release|Any CPU
		{3EBC319F-768A-4405-B9E9-6821E9984483}.Release|x64.Build.0 = Release|Any CPU
		{3EBC319F-768A-4405-B9E9-6821E9984483}.Release|x86.ActiveCfg = Release|Any CPU
		{3EBC319F-768A-4405-B9E9-6821E9984483}.Release|x86.Build.0 = Release|Any CPU
	EndGlobalSection
	GlobalSection(SolutionProperties) = preSolution
		HideSolutionNode = FALSE
	EndGlobalSection
	GlobalSection(ExtensibilityGlobals) = postSolution
		SolutionGuid = {6D309C19-8446-4491-8A73-EA242B353E5D}
	EndGlobalSection
EndGlobal
